
Microsoft Visual Studio Solution File, Format Version 12.00
# Visual Studio Version 17
VisualStudioVersion = 17.5.33502.453
MinimumVisualStudioVersion = 10.0.40219.1
Project("{FAE04EC0-301F-11D3-BF4B-00C04F79EFBC}") = "FirstRevitPlugin", "FirstRevitPlugin.csproj", "{5ADB0527-5CF8-4778-A299-C3ADF01B4D41}"
EndProject
Project("{2150E333-8FDC-42A3-9474-1A3956D46DE8}") = "Элементы решения", "Элементы решения", "{6A2A2AC3-FC81-4DF3-BC95-D0456B98B870}"
	ProjectSection(SolutionItems) = preProject
		FirstRevitPlugin.addin = FirstRevitPlugin.addin
	EndProjectSection
EndProject
Global
	GlobalSection(SolutionConfigurationPlatforms) = preSolution
		Debug|Any CPU = Debug|Any CPU
		Release|Any CPU = Release|Any CPU
	EndGlobalSection
	GlobalSection(ProjectConfigurationPlatforms) = postSolution
		{5ADB0527-5CF8-4778-A299-C3ADF01B4D41}.Debug|Any CPU.ActiveCfg = Debug|Any CPU
		{5ADB0527-5CF8-4778-A299-C3ADF01B4D41}.Debug|Any CPU.Build.0 = Debug|Any CPU
		{5ADB0527-5CF8-4778-A299-C3ADF01B4D41}.Release|Any CPU.ActiveCfg = Release|Any CPU
		{5ADB0527-5CF8-4778-A299-C3ADF01B4D41}.Release|Any CPU.Build.0 = Release|Any CPU
	EndGlobalSection
	GlobalSection(SolutionProperties) = preSolution
		HideSolutionNode = FALSE
	EndGlobalSection
	GlobalSection(ExtensibilityGlobals) = postSolution
		SolutionGuid = {339225E8-7167-4556-8C61-0A4DE9B749BD}
	EndGlobalSection
EndGlobal
